# THIS IS AN AUTOGENERATED FILE. DO NOT EDIT THIS FILE DIRECTLY.
# yarn lockfile v1


"@babel/runtime@^7.14.5", "@babel/runtime@^7.17.2", "@babel/runtime@^7.19.4":
  version "7.20.1"
  resolved "https://registry.yarnpkg.com/@babel/runtime/-/runtime-7.20.1.tgz#1148bb33ab252b165a06698fde7576092a78b4a9"
  integrity sha512-mrzLkl6U9YLF8qpqI7TB82PESyEGjm/0Ly91jG575eVxMMlb8fYfOXFZIJ8XfLrJZQbm7dlKry2bJmXBUEkdFg==
  dependencies:
    regenerator-runtime "^0.13.10"

cross-fetch@3.1.5:
  version "3.1.5"
  resolved "https://registry.yarnpkg.com/cross-fetch/-/cross-fetch-3.1.5.tgz#e1389f44d9e7ba767907f7af8454787952ab534f"
  integrity sha512-lvb1SBsI0Z7GDwmuid+mU3kWVBwTVUbe7S0H52yaaAdQOXq2YktTCZdlAcNKFzE6QtRz0snpw9bNiPeOIkkQvw==
  dependencies:
    node-fetch "2.6.7"

html-parse-stringify@^3.0.1:
  version "3.0.1"
  resolved "https://registry.yarnpkg.com/html-parse-stringify/-/html-parse-stringify-3.0.1.tgz#dfc1017347ce9f77c8141a507f233040c59c55d2"
  integrity sha512-KknJ50kTInJ7qIScF3jeaFRpMpE8/lfiTdzf/twXyPBLAGrLRTmkz3AdTnKeh40X8k9L2fdYwEp/42WGXIRGcg==
  dependencies:
    void-elements "3.1.0"

i18next-browser-languagedetector@^7.0.1:
  version "7.0.1"
  resolved "https://registry.yarnpkg.com/i18next-browser-languagedetector/-/i18next-browser-languagedetector-7.0.1.tgz#ead34592edc96c6c3a618a51cb57ad027c5b5d87"
  integrity sha512-Pa5kFwaczXJAeHE56CHG2aWzFBMJNUNghf0Pm4SwSrEMps/PTKqW90EYWlIvhuYStf3Sn1K0vw+gH3+TLdkH1g==
  dependencies:
    "@babel/runtime" "^7.19.4"

i18next-http-backend@^2.0.1:
  version "2.0.1"
  resolved "https://registry.yarnpkg.com/i18next-http-backend/-/i18next-http-backend-2.0.1.tgz#ef744dd76f36399b9bc169c4e4221db9bbaf6fe5"
  integrity sha512-kzvSkOT3yhVijumDlp8/TgD1v07lYdFXsf5YYbB7Yu+K2S6PO0lKgZ4c/fyFcAKWiAiTjt9uVecBAbnJjKzhOw==
  dependencies:
    cross-fetch "3.1.5"

i18next@^22.0.4:
  version "22.0.4"
  resolved "https://registry.yarnpkg.com/i18next/-/i18next-22.0.4.tgz#77d8871687b0ab072b38991e3887187823667e30"
  integrity sha512-TOp7BTMKDbUkOHMzDlVsCYWpyaFkKakrrO3HNXfSz4EeJaWwnBScRmgQSTaWHScXVHBUFXTvShrCW8uryBYFcg==
  dependencies:
    "@babel/runtime" "^7.17.2"

node-fetch@2.6.7:
  version "2.6.7"
  resolved "https://registry.yarnpkg.com/node-fetch/-/node-fetch-2.6.7.tgz#24de9fba827e3b4ae44dc8b20256a379160052ad"
  integrity sha512-ZjMPFEfVx5j+y2yF35Kzx5sF7kDzxuDj6ziH4FFbOp87zKDZNx8yExJIb05OGF4Nlt9IHFIMBkRl41VdvcNdbQ==
  dependencies:
    whatwg-url "^5.0.0"

react-i18next@^12.0.0:
  version "12.0.0"
  resolved "https://registry.yarnpkg.com/react-i18next/-/react-i18next-12.0.0.tgz#634015a2c035779c5736ae4c2e5c34c1659753b1"
  integrity sha512-/O7N6aIEAl1FaWZBNvhdIo9itvF/MO/nRKr9pYqRc9LhuC1u21SlfwpiYQqvaeNSEW3g3qUXLREOWMt+gxrWbg==
  dependencies:
    "@babel/runtime" "^7.14.5"
    html-parse-stringify "^3.0.1"

regenerator-runtime@^0.13.10:
  version "0.13.10"
  resolved "https://registry.yarnpkg.com/regenerator-runtime/-/regenerator-runtime-0.13.10.tgz#ed07b19616bcbec5da6274ebc75ae95634bfc2ee"
  integrity sha512-KepLsg4dU12hryUO7bp/axHAKvwGOCV0sGloQtpagJ12ai+ojVDqkeGSiRX1zlq+kjIMZ1t7gpze+26QqtdGqw==

storybook-i18n@^1.1.2:
  version "1.1.4"
  resolved "https://registry.yarnpkg.com/storybook-i18n/-/storybook-i18n-1.1.4.tgz#f463287fa7d8c79c8283c4e7157c8557ebaf408f"
  integrity sha512-0xD005aEBWhuDFU9oO5Yf+33MZQa/NWa2CWjkBODhcqC+N5WJhEPGUSQs8o9AqzQoRpIBOMQ3CS0cbRGbBuTxQ==

storybook-react-i18next@^1.1.2:
  version "1.1.2"
  resolved "https://registry.yarnpkg.com/storybook-react-i18next/-/storybook-react-i18next-1.1.2.tgz#991a6cad525e4e811da44037d64f485a3c0899d5"
  integrity sha512-7KT/wIpV0C5IfExMZ/vfEpPVdXaHNPYhl3XkaGtLfQjmqS+EsNLbR4LyKcQaB8oKtMWMdEbg9mQ4aBJWPBdK/w==
  dependencies:
    storybook-i18n "^1.1.2"

tr46@~0.0.3:
  version "0.0.3"
  resolved "https://registry.yarnpkg.com/tr46/-/tr46-0.0.3.tgz#8184fd347dac9cdc185992f3a6622e14b9d9ab6a"
  integrity sha512-N3WMsuqV66lT30CrXNbEjx4GEwlow3v6rr4mCcv6prnfwhS01rkgyFdjPNBYd9br7LpXV1+Emh01fHnq2Gdgrw==

void-elements@3.1.0:
  version "3.1.0"
  resolved "https://registry.yarnpkg.com/void-elements/-/void-elements-3.1.0.tgz#614f7fbf8d801f0bb5f0661f5b2f5785750e4f09"
  integrity sha512-Dhxzh5HZuiHQhbvTW9AMetFfBHDMYpo23Uo9btPXgdYP+3T5S+p+jgNy7spra+veYhBP2dCSgxR/i2Y02h5/6w==

webidl-conversions@^3.0.0:
  version "3.0.1"
  resolved "https://registry.yarnpkg.com/webidl-conversions/-/webidl-conversions-3.0.1.tgz#24534275e2a7bc6be7bc86611cc16ae0a5654871"
  integrity sha512-2JAn3z8AR6rjK8Sm8orRC0h/bcl/DqL7tRPdGZ4I1CjdF+EaMLmYxBHyXuKL849eucPFhvBoxMsflfOb8kxaeQ==

whatwg-url@^5.0.0:
  version "5.0.0"
  resolved "https://registry.yarnpkg.com/whatwg-url/-/whatwg-url-5.0.0.tgz#966454e8765462e37644d3626f6742ce8b70965d"
  integrity sha512-saE57nupxk6v3HY35+jzBwYa0rKSy0XR8JSxZPwgLr7ys0IBzhGviA1/TUGJLmSVqs8pb9AnvICXEuOHLprYTw==
  dependencies:
    tr46 "~0.0.3"
    webidl-conversions "^3.0.0"
